
Microsoft Visual Studio Solution File, Format Version 12.00
# Visual Studio Version 17
VisualStudioVersion = 17.5.33414.496
MinimumVisualStudioVersion = 10.0.40219.1
Project("{FAE04EC0-301F-11D3-BF4B-00C04F79EFBC}") = "Incident.SOR.API", "Incident.SOR.API.csproj", "{63989F60-71EC-4596-9A19-95B9BA13D6D4}"
EndProject
Project("{FAE04EC0-301F-11D3-BF4B-00C04F79EFBC}") = "Incident.SOR.Domain", "..\Incident.SOR.Domain\Incident.SOR.Domain.csproj", "{41C59C25-C4CF-455D-8CF7-A2DEAFCC1317}"
EndProject
Project("{FAE04EC0-301F-11D3-BF4B-00C04F79EFBC}") = "Incident.SOR.Application", "..\Incident.SOR.Application\Incident.SOR.Application.csproj", "{7CC696CA-4A4B-46AE-8C40-C49F28A321AB}"
EndProject
Project("{FAE04EC0-301F-11D3-BF4B-00C04F79EFBC}") = "Incident.SOR.Infrastructure", "..\Incident.SOR.Infrastructure\Incident.SOR.Infrastructure.csproj", "{E6C405BA-E56B-4256-BBEF-CABA4613E793}"
EndProject
Project("{FAE04EC0-301F-11D3-BF4B-00C04F79EFBC}") = "Incident.SOR.Core", "..\Incident.SOR.Core\Incident.SOR.Core.csproj", "{19725A37-416D-4207-B74B-F2C92B5A15B8}"
EndProject
Global
	GlobalSection(SolutionConfigurationPlatforms) = preSolution
		Debug|Any CPU = Debug|Any CPU
		Release|Any CPU = Release|Any CPU
	EndGlobalSection
	GlobalSection(ProjectConfigurationPlatforms) = postSolution
		{63989F60-71EC-4596-9A19-95B9BA13D6D4}.Debug|Any CPU.ActiveCfg = Debug|Any CPU
		{63989F60-71EC-4596-9A19-95B9BA13D6D4}.Debug|Any CPU.Build.0 = Debug|Any CPU
		{63989F60-71EC-4596-9A19-95B9BA13D6D4}.Release|Any CPU.ActiveCfg = Release|Any CPU
		{63989F60-71EC-4596-9A19-95B9BA13D6D4}.Release|Any CPU.Build.0 = Release|Any CPU
		{41C59C25-C4CF-455D-8CF7-A2DEAFCC1317}.Debug|Any CPU.ActiveCfg = Debug|Any CPU
		{41C59C25-C4CF-455D-8CF7-A2DEAFCC1317}.Debug|Any CPU.Build.0 = Debug|Any CPU
		{41C59C25-C4CF-455D-8CF7-A2DEAFCC1317}.Release|Any CPU.ActiveCfg = Release|Any CPU
		{41C59C25-C4CF-455D-8CF7-A2DEAFCC1317}.Release|Any CPU.Build.0 = Release|Any CPU
		{7CC696CA-4A4B-46AE-8C40-C49F28A321AB}.Debug|Any CPU.ActiveCfg = Debug|Any CPU
		{7CC696CA-4A4B-46AE-8C40-C49F28A321AB}.Debug|Any CPU.Build.0 = Debug|Any CPU
		{7CC696CA-4A4B-46AE-8C40-C49F28A321AB}.Release|Any CPU.ActiveCfg = Release|Any CPU
		{7CC696CA-4A4B-46AE-8C40-C49F28A321AB}.Release|Any CPU.Build.0 = Release|Any CPU
		{E6C405BA-E56B-4256-BBEF-CABA4613E793}.Debug|Any CPU.ActiveCfg = Debug|Any CPU
		{E6C405BA-E56B-4256-BBEF-CABA4613E793}.Debug|Any CPU.Build.0 = Debug|Any CPU
		{E6C405BA-E56B-4256-BBEF-CABA4613E793}.Release|Any CPU.ActiveCfg = Release|Any CPU
		{E6C405BA-E56B-4256-BBEF-CABA4613E793}.Release|Any CPU.Build.0 = Release|Any CPU
		{19725A37-416D-4207-B74B-F2C92B5A15B8}.Debug|Any CPU.ActiveCfg = Debug|Any CPU
		{19725A37-416D-4207-B74B-F2C92B5A15B8}.Debug|Any CPU.Build.0 = Debug|Any CPU
		{19725A37-416D-4207-B74B-F2C92B5A15B8}.Release|Any CPU.ActiveCfg = Release|Any CPU
		{19725A37-416D-4207-B74B-F2C92B5A15B8}.Release|Any CPU.Build.0 = Release|Any CPU
	EndGlobalSection
	GlobalSection(SolutionProperties) = preSolution
		HideSolutionNode = FALSE
	EndGlobalSection
	GlobalSection(ExtensibilityGlobals) = postSolution
		SolutionGuid = {B3F95A56-8BA7-418F-AE44-51B0A79AC1F9}
	EndGlobalSection
EndGlobal
